
Microsoft Visual Studio Solution File, Format Version 12.00
# Visual Studio Version 17
VisualStudioVersion = 17.8.34511.84
MinimumVisualStudioVersion = 10.0.40219.1
Project("{8BC9CEB8-8B4A-11D0-8D11-00A0C91BC942}") = "SumaParalelo2Arreglos_DianaAguilera", "SumaParalelo2Arreglos_DianaAguilera\SumaParalelo2Arreglos_DianaAguilera.vcxproj", "{96180D77-DD88-4A5B-AE0B-E377EC9CABDB}"
EndProject
Global
	GlobalSection(SolutionConfigurationPlatforms) = preSolution
		Debug|x64 = Debug|x64
		Debug|x86 = Debug|x86
		Release|x64 = Release|x64
		Release|x86 = Release|x86
	EndGlobalSection
	GlobalSection(ProjectConfigurationPlatforms) = postSolution
		{96180D77-DD88-4A5B-AE0B-E377EC9CABDB}.Debug|x64.ActiveCfg = Debug|x64
		{96180D77-DD88-4A5B-AE0B-E377EC9CABDB}.Debug|x64.Build.0 = Debug|x64
		{96180D77-DD88-4A5B-AE0B-E377EC9CABDB}.Debug|x86.ActiveCfg = Debug|Win32
		{96180D77-DD88-4A5B-AE0B-E377EC9CABDB}.Debug|x86.Build.0 = Debug|Win32
		{96180D77-DD88-4A5B-AE0B-E377EC9CABDB}.Release|x64.ActiveCfg = Release|x64
		{96180D77-DD88-4A5B-AE0B-E377EC9CABDB}.Release|x64.Build.0 = Release|x64
		{96180D77-DD88-4A5B-AE0B-E377EC9CABDB}.Release|x86.ActiveCfg = Release|Win32
		{96180D77-DD88-4A5B-AE0B-E377EC9CABDB}.Release|x86.Build.0 = Release|Win32
	EndGlobalSection
	GlobalSection(SolutionProperties) = preSolution
		HideSolutionNode = FALSE
	EndGlobalSection
	GlobalSection(ExtensibilityGlobals) = postSolution
		SolutionGuid = {0B3A3053-03C6-43F5-9D22-8E12AC0C1AB8}
	EndGlobalSection
EndGlobal
